
Microsoft Visual Studio Solution File, Format Version 12.00
# Visual Studio Express 2012 for Windows Desktop
Project("{F184B08F-C81C-45F6-A57F-5ABD9991F28F}") = "memories", "memories\memories.vbproj", "{2D854F3B-27E6-4B34-8B95-AD7F98A79EA8}"
EndProject
Global
	GlobalSection(SolutionConfigurationPlatforms) = preSolution
		Debug|Any CPU = Debug|Any CPU
		Release|Any CPU = Release|Any CPU
	EndGlobalSection
	GlobalSection(ProjectConfigurationPlatforms) = postSolution
		{2D854F3B-27E6-4B34-8B95-AD7F98A79EA8}.Debug|Any CPU.ActiveCfg = Debug|Any CPU
		{2D854F3B-27E6-4B34-8B95-AD7F98A79EA8}.Debug|Any CPU.Build.0 = Debug|Any CPU
		{2D854F3B-27E6-4B34-8B95-AD7F98A79EA8}.Release|Any CPU.ActiveCfg = Release|Any CPU
		{2D854F3B-27E6-4B34-8B95-AD7F98A79EA8}.Release|Any CPU.Build.0 = Release|Any CPU
	EndGlobalSection
	GlobalSection(SolutionProperties) = preSolution
		HideSolutionNode = FALSE
	EndGlobalSection
EndGlobal
